
Microsoft Visual Studio Solution File, Format Version 12.00
# Visual Studio Version 17
VisualStudioVersion = 17.4.33213.308
MinimumVisualStudioVersion = 10.0.40219.1
Project("{2150E333-8FDC-42A3-9474-1A3956D46DE8}") = "src", "src", "{63F6B3CD-BC08-42E4-B19A-661EF4BFD818}"
EndProject
Project("{2150E333-8FDC-42A3-9474-1A3956D46DE8}") = "Solution Items", "Solution Items", "{154B47C2-8A21-4B83-BB3C-84594C6D8BF7}"
	ProjectSection(SolutionItems) = preProject
		ServiceUrls.txt = ServiceUrls.txt
	EndProjectSection
EndProject
Project("{2150E333-8FDC-42A3-9474-1A3956D46DE8}") = "ApiGeateways", "ApiGeateways", "{8D6A37FC-E86C-4B94-8BEA-994CA160F1D8}"
EndProject
Project("{2150E333-8FDC-42A3-9474-1A3956D46DE8}") = "BuildingBlocks", "BuildingBlocks", "{4B0233E2-4A4F-48F7-AB17-CA74D5C669AB}"
EndProject
Project("{2150E333-8FDC-42A3-9474-1A3956D46DE8}") = "Services", "Services", "{4D6AC5B6-E361-4218-94BF-93966E79CB53}"
EndProject
Project("{2150E333-8FDC-42A3-9474-1A3956D46DE8}") = "Clients", "Clients", "{ECBF1EF8-DB35-47A8-AFF6-AE3ADBAE8388}"
EndProject
Project("{2150E333-8FDC-42A3-9474-1A3956D46DE8}") = "WebApiGateway", "WebApiGateway", "{6D55B137-0BF1-4CE6-9BD6-AA222986754F}"
EndProject
Project("{2150E333-8FDC-42A3-9474-1A3956D46DE8}") = "EventBus", "EventBus", "{045A21A8-8302-4B80-98CE-4DA5EA0169C0}"
EndProject
Project("{FAE04EC0-301F-11D3-BF4B-00C04F79EFBC}") = "EventBus.Base", "src\BuildingBlocks\EventBus\EventBus.Base\EventBus.Base.csproj", "{F83AEC84-AA7F-477E-9915-DB7BC4250440}"
EndProject
Project("{FAE04EC0-301F-11D3-BF4B-00C04F79EFBC}") = "EventBus.Factory", "src\BuildingBlocks\EventBus\EventBus.Factory\EventBus.Factory.csproj", "{E7F05F29-2F47-4681-9842-D7D8BF83F40D}"
EndProject
Project("{FAE04EC0-301F-11D3-BF4B-00C04F79EFBC}") = "EventBus.AzureServiceBus", "src\BuildingBlocks\EventBus\EventBus.AzureServiceBus\EventBus.AzureServiceBus.csproj", "{7A4DAB70-3EB4-4041-BBD9-3643D01D16AA}"
EndProject
Project("{FAE04EC0-301F-11D3-BF4B-00C04F79EFBC}") = "EventBus.RabbitMQ", "src\BuildingBlocks\EventBus\EventBus.RabbitMQ\EventBus.RabbitMQ.csproj", "{EEAE352D-8AFB-4FBA-A35B-9FD620DE2AF0}"
EndProject
Project("{2150E333-8FDC-42A3-9474-1A3956D46DE8}") = "BlazorWebApp", "BlazorWebApp", "{069891A9-05E2-44DA-B9A9-3A969FD67539}"
EndProject
Project("{FAE04EC0-301F-11D3-BF4B-00C04F79EFBC}") = "WebApp", "src\Clients\BlazorWebApp\WebApp\WebApp.csproj", "{2313799E-2C39-4F51-856B-0DB8EB19A149}"
EndProject
Project("{2150E333-8FDC-42A3-9474-1A3956D46DE8}") = "CatalogService", "CatalogService", "{F0561878-843E-4AB1-9FDB-A0065E2B7B4A}"
EndProject
Project("{2150E333-8FDC-42A3-9474-1A3956D46DE8}") = "BasketService", "BasketService", "{BF5D889C-CE2B-4BE8-96CD-7DC50CEA6ABF}"
EndProject
Project("{FAE04EC0-301F-11D3-BF4B-00C04F79EFBC}") = "BasketService.Api", "src\Services\BasketService\BasketService.Api\BasketService.Api.csproj", "{7DFCDC74-0E02-43F5-B1D0-B7EB3E4DFF80}"
EndProject
Project("{FAE04EC0-301F-11D3-BF4B-00C04F79EFBC}") = "CatalogService.Api", "src\Services\CatalogService\CatalogService\CatalogService.Api.csproj", "{133E2A82-C1E6-4F3A-8D64-6F3D5C010486}"
EndProject
Project("{2150E333-8FDC-42A3-9474-1A3956D46DE8}") = "IdentityService", "IdentityService", "{2C90BD0A-7730-415A-A9DE-1ACB24274D0D}"
EndProject
Project("{FAE04EC0-301F-11D3-BF4B-00C04F79EFBC}") = "IdentityService.Api", "src\Services\IdentityService\IdentityService.Api\IdentityService.Api.csproj", "{43B4483F-003F-40F7-B116-3B48904EFE59}"
EndProject
Project("{2150E333-8FDC-42A3-9474-1A3956D46DE8}") = "NotificationService", "NotificationService", "{7275C229-0DFC-4E7D-8690-A2EE3997EE66}"
EndProject
Project("{FAE04EC0-301F-11D3-BF4B-00C04F79EFBC}") = "NotificationService", "src\Services\NotificationService\NotificationService\NotificationService.csproj", "{E781D156-0CDA-4E38-B978-548ECC5E47D4}"
EndProject
Project("{2150E333-8FDC-42A3-9474-1A3956D46DE8}") = "OrderService", "OrderService", "{1216D095-B197-49C6-B0EE-E0718F511FCF}"
EndProject
Project("{FAE04EC0-301F-11D3-BF4B-00C04F79EFBC}") = "OrderService.Domain", "src\Services\OrderService\OrderService.Domain\OrderService.Domain.csproj", "{B4C26F88-D49C-42E9-B44E-D80F3B6BF60F}"
EndProject
Project("{FAE04EC0-301F-11D3-BF4B-00C04F79EFBC}") = "OrderService.Application", "src\Services\OrderService\OrderService.Application\OrderService.Application.csproj", "{6DC33B26-ECE7-42AD-8B7D-7E0918996483}"
EndProject
Project("{FAE04EC0-301F-11D3-BF4B-00C04F79EFBC}") = "OrderService.Infrastructure", "src\Services\OrderService\OrderService.Infrastructure\OrderService.Infrastructure.csproj", "{1FFC779B-C3D2-44DC-8AE4-ED4BE2DD59DC}"
EndProject
Project("{FAE04EC0-301F-11D3-BF4B-00C04F79EFBC}") = "OrderService.Api", "src\Services\OrderService\OrderService.Api\OrderService.Api.csproj", "{05C7987E-4510-4C9A-A7F7-159C6EF53CC0}"
EndProject
Project("{2150E333-8FDC-42A3-9474-1A3956D46DE8}") = "PaymentService", "PaymentService", "{5E9A7387-5072-472C-AA53-DEF2EE2B6695}"
EndProject
Project("{FAE04EC0-301F-11D3-BF4B-00C04F79EFBC}") = "PaymentService.Api", "src\Services\PaymentService\PaymentService.Api\PaymentService.Api.csproj", "{13C3AA04-7BA2-4BA1-A32A-F5916E54E235}"
EndProject
Project("{FAE04EC0-301F-11D3-BF4B-00C04F79EFBC}") = "Web.ApiGateway", "src\ApiGateways\WebApiGateway\Web.ApiGateway\Web.ApiGateway.csproj", "{A845E0BB-8557-436B-850C-2A001A172EA8}"
EndProject
Global
	GlobalSection(SolutionConfigurationPlatforms) = preSolution
		Debug|Any CPU = Debug|Any CPU
		Release|Any CPU = Release|Any CPU
	EndGlobalSection
	GlobalSection(ProjectConfigurationPlatforms) = postSolution
		{F83AEC84-AA7F-477E-9915-DB7BC4250440}.Debug|Any CPU.ActiveCfg = Debug|Any CPU
		{F83AEC84-AA7F-477E-9915-DB7BC4250440}.Debug|Any CPU.Build.0 = Debug|Any CPU
		{F83AEC84-AA7F-477E-9915-DB7BC4250440}.Release|Any CPU.ActiveCfg = Release|Any CPU
		{F83AEC84-AA7F-477E-9915-DB7BC4250440}.Release|Any CPU.Build.0 = Release|Any CPU
		{E7F05F29-2F47-4681-9842-D7D8BF83F40D}.Debug|Any CPU.ActiveCfg = Debug|Any CPU
		{E7F05F29-2F47-4681-9842-D7D8BF83F40D}.Debug|Any CPU.Build.0 = Debug|Any CPU
		{E7F05F29-2F47-4681-9842-D7D8BF83F40D}.Release|Any CPU.ActiveCfg = Release|Any CPU
		{E7F05F29-2F47-4681-9842-D7D8BF83F40D}.Release|Any CPU.Build.0 = Release|Any CPU
		{7A4DAB70-3EB4-4041-BBD9-3643D01D16AA}.Debug|Any CPU.ActiveCfg = Debug|Any CPU
		{7A4DAB70-3EB4-4041-BBD9-3643D01D16AA}.Debug|Any CPU.Build.0 = Debug|Any CPU
		{7A4DAB70-3EB4-4041-BBD9-3643D01D16AA}.Release|Any CPU.ActiveCfg = Release|Any CPU
		{7A4DAB70-3EB4-4041-BBD9-3643D01D16AA}.Release|Any CPU.Build.0 = Release|Any CPU
		{EEAE352D-8AFB-4FBA-A35B-9FD620DE2AF0}.Debug|Any CPU.ActiveCfg = Debug|Any CPU
		{EEAE352D-8AFB-4FBA-A35B-9FD620DE2AF0}.Debug|Any CPU.Build.0 = Debug|Any CPU
		{EEAE352D-8AFB-4FBA-A35B-9FD620DE2AF0}.Release|Any CPU.ActiveCfg = Release|Any CPU
		{EEAE352D-8AFB-4FBA-A35B-9FD620DE2AF0}.Release|Any CPU.Build.0 = Release|Any CPU
		{2313799E-2C39-4F51-856B-0DB8EB19A149}.Debug|Any CPU.ActiveCfg = Debug|Any CPU
		{2313799E-2C39-4F51-856B-0DB8EB19A149}.Debug|Any CPU.Build.0 = Debug|Any CPU
		{2313799E-2C39-4F51-856B-0DB8EB19A149}.Release|Any CPU.ActiveCfg = Release|Any CPU
		{2313799E-2C39-4F51-856B-0DB8EB19A149}.Release|Any CPU.Build.0 = Release|Any CPU
		{7DFCDC74-0E02-43F5-B1D0-B7EB3E4DFF80}.Debug|Any CPU.ActiveCfg = Debug|Any CPU
		{7DFCDC74-0E02-43F5-B1D0-B7EB3E4DFF80}.Debug|Any CPU.Build.0 = Debug|Any CPU
		{7DFCDC74-0E02-43F5-B1D0-B7EB3E4DFF80}.Release|Any CPU.ActiveCfg = Release|Any CPU
		{7DFCDC74-0E02-43F5-B1D0-B7EB3E4DFF80}.Release|Any CPU.Build.0 = Release|Any CPU
		{133E2A82-C1E6-4F3A-8D64-6F3D5C010486}.Debug|Any CPU.ActiveCfg = Debug|Any CPU
		{133E2A82-C1E6-4F3A-8D64-6F3D5C010486}.Debug|Any CPU.Build.0 = Debug|Any CPU
		{133E2A82-C1E6-4F3A-8D64-6F3D5C010486}.Release|Any CPU.ActiveCfg = Release|Any CPU
		{133E2A82-C1E6-4F3A-8D64-6F3D5C010486}.Release|Any CPU.Build.0 = Release|Any CPU
		{43B4483F-003F-40F7-B116-3B48904EFE59}.Debug|Any CPU.ActiveCfg = Debug|Any CPU
		{43B4483F-003F-40F7-B116-3B48904EFE59}.Debug|Any CPU.Build.0 = Debug|Any CPU
		{43B4483F-003F-40F7-B116-3B48904EFE59}.Release|Any CPU.ActiveCfg = Release|Any CPU
		{43B4483F-003F-40F7-B116-3B48904EFE59}.Release|Any CPU.Build.0 = Release|Any CPU
		{E781D156-0CDA-4E38-B978-548ECC5E47D4}.Debug|Any CPU.ActiveCfg = Debug|Any CPU
		{E781D156-0CDA-4E38-B978-548ECC5E47D4}.Debug|Any CPU.Build.0 = Debug|Any CPU
		{E781D156-0CDA-4E38-B978-548ECC5E47D4}.Release|Any CPU.ActiveCfg = Release|Any CPU
		{E781D156-0CDA-4E38-B978-548ECC5E47D4}.Release|Any CPU.Build.0 = Release|Any CPU
		{B4C26F88-D49C-42E9-B44E-D80F3B6BF60F}.Debug|Any CPU.ActiveCfg = Debug|Any CPU
		{B4C26F88-D49C-42E9-B44E-D80F3B6BF60F}.Debug|Any CPU.Build.0 = Debug|Any CPU
		{B4C26F88-D49C-42E9-B44E-D80F3B6BF60F}.Release|Any CPU.ActiveCfg = Release|Any CPU
		{B4C26F88-D49C-42E9-B44E-D80F3B6BF60F}.Release|Any CPU.Build.0 = Release|Any CPU
		{6DC33B26-ECE7-42AD-8B7D-7E0918996483}.Debug|Any CPU.ActiveCfg = Debug|Any CPU
		{6DC33B26-ECE7-42AD-8B7D-7E0918996483}.Debug|Any CPU.Build.0 = Debug|Any CPU
		{6DC33B26-ECE7-42AD-8B7D-7E0918996483}.Release|Any CPU.ActiveCfg = Release|Any CPU
		{6DC33B26-ECE7-42AD-8B7D-7E0918996483}.Release|Any CPU.Build.0 = Release|Any CPU
		{1FFC779B-C3D2-44DC-8AE4-ED4BE2DD59DC}.Debug|Any CPU.ActiveCfg = Debug|Any CPU
		{1FFC779B-C3D2-44DC-8AE4-ED4BE2DD59DC}.Debug|Any CPU.Build.0 = Debug|Any CPU
		{1FFC779B-C3D2-44DC-8AE4-ED4BE2DD59DC}.Release|Any CPU.ActiveCfg = Release|Any CPU
		{1FFC779B-C3D2-44DC-8AE4-ED4BE2DD59DC}.Release|Any CPU.Build.0 = Release|Any CPU
		{05C7987E-4510-4C9A-A7F7-159C6EF53CC0}.Debug|Any CPU.ActiveCfg = Debug|Any CPU
		{05C7987E-4510-4C9A-A7F7-159C6EF53CC0}.Debug|Any CPU.Build.0 = Debug|Any CPU
		{05C7987E-4510-4C9A-A7F7-159C6EF53CC0}.Release|Any CPU.ActiveCfg = Release|Any CPU
		{05C7987E-4510-4C9A-A7F7-159C6EF53CC0}.Release|Any CPU.Build.0 = Release|Any CPU
		{13C3AA04-7BA2-4BA1-A32A-F5916E54E235}.Debug|Any CPU.ActiveCfg = Debug|Any CPU
		{13C3AA04-7BA2-4BA1-A32A-F5916E54E235}.Debug|Any CPU.Build.0 = Debug|Any CPU
		{13C3AA04-7BA2-4BA1-A32A-F5916E54E235}.Release|Any CPU.ActiveCfg = Release|Any CPU
		{13C3AA04-7BA2-4BA1-A32A-F5916E54E235}.Release|Any CPU.Build.0 = Release|Any CPU
		{A845E0BB-8557-436B-850C-2A001A172EA8}.Debug|Any CPU.ActiveCfg = Debug|Any CPU
		{A845E0BB-8557-436B-850C-2A001A172EA8}.Debug|Any CPU.Build.0 = Debug|Any CPU
		{A845E0BB-8557-436B-850C-2A001A172EA8}.Release|Any CPU.ActiveCfg = Release|Any CPU
		{A845E0BB-8557-436B-850C-2A001A172EA8}.Release|Any CPU.Build.0 = Release|Any CPU
	EndGlobalSection
	GlobalSection(SolutionProperties) = preSolution
		HideSolutionNode = FALSE
	EndGlobalSection
	GlobalSection(NestedProjects) = preSolution
		{8D6A37FC-E86C-4B94-8BEA-994CA160F1D8} = {63F6B3CD-BC08-42E4-B19A-661EF4BFD818}
		{4B0233E2-4A4F-48F7-AB17-CA74D5C669AB} = {63F6B3CD-BC08-42E4-B19A-661EF4BFD818}
		{4D6AC5B6-E361-4218-94BF-93966E79CB53} = {63F6B3CD-BC08-42E4-B19A-661EF4BFD818}
		{ECBF1EF8-DB35-47A8-AFF6-AE3ADBAE8388} = {63F6B3CD-BC08-42E4-B19A-661EF4BFD818}
		{6D55B137-0BF1-4CE6-9BD6-AA222986754F} = {8D6A37FC-E86C-4B94-8BEA-994CA160F1D8}
		{045A21A8-8302-4B80-98CE-4DA5EA0169C0} = {4B0233E2-4A4F-48F7-AB17-CA74D5C669AB}
		{F83AEC84-AA7F-477E-9915-DB7BC4250440} = {045A21A8-8302-4B80-98CE-4DA5EA0169C0}
		{E7F05F29-2F47-4681-9842-D7D8BF83F40D} = {045A21A8-8302-4B80-98CE-4DA5EA0169C0}
		{7A4DAB70-3EB4-4041-BBD9-3643D01D16AA} = {045A21A8-8302-4B80-98CE-4DA5EA0169C0}
		{EEAE352D-8AFB-4FBA-A35B-9FD620DE2AF0} = {045A21A8-8302-4B80-98CE-4DA5EA0169C0}
		{069891A9-05E2-44DA-B9A9-3A969FD67539} = {ECBF1EF8-DB35-47A8-AFF6-AE3ADBAE8388}
		{2313799E-2C39-4F51-856B-0DB8EB19A149} = {069891A9-05E2-44DA-B9A9-3A969FD67539}
		{F0561878-843E-4AB1-9FDB-A0065E2B7B4A} = {4D6AC5B6-E361-4218-94BF-93966E79CB53}
		{BF5D889C-CE2B-4BE8-96CD-7DC50CEA6ABF} = {4D6AC5B6-E361-4218-94BF-93966E79CB53}
		{7DFCDC74-0E02-43F5-B1D0-B7EB3E4DFF80} = {BF5D889C-CE2B-4BE8-96CD-7DC50CEA6ABF}
		{133E2A82-C1E6-4F3A-8D64-6F3D5C010486} = {F0561878-843E-4AB1-9FDB-A0065E2B7B4A}
		{2C90BD0A-7730-415A-A9DE-1ACB24274D0D} = {4D6AC5B6-E361-4218-94BF-93966E79CB53}
		{43B4483F-003F-40F7-B116-3B48904EFE59} = {2C90BD0A-7730-415A-A9DE-1ACB24274D0D}
		{7275C229-0DFC-4E7D-8690-A2EE3997EE66} = {4D6AC5B6-E361-4218-94BF-93966E79CB53}
		{E781D156-0CDA-4E38-B978-548ECC5E47D4} = {7275C229-0DFC-4E7D-8690-A2EE3997EE66}
		{1216D095-B197-49C6-B0EE-E0718F511FCF} = {4D6AC5B6-E361-4218-94BF-93966E79CB53}
		{B4C26F88-D49C-42E9-B44E-D80F3B6BF60F} = {1216D095-B197-49C6-B0EE-E0718F511FCF}
		{6DC33B26-ECE7-42AD-8B7D-7E0918996483} = {1216D095-B197-49C6-B0EE-E0718F511FCF}
		{1FFC779B-C3D2-44DC-8AE4-ED4BE2DD59DC} = {1216D095-B197-49C6-B0EE-E0718F511FCF}
		{05C7987E-4510-4C9A-A7F7-159C6EF53CC0} = {1216D095-B197-49C6-B0EE-E0718F511FCF}
		{5E9A7387-5072-472C-AA53-DEF2EE2B6695} = {4D6AC5B6-E361-4218-94BF-93966E79CB53}
		{13C3AA04-7BA2-4BA1-A32A-F5916E54E235} = {5E9A7387-5072-472C-AA53-DEF2EE2B6695}
		{A845E0BB-8557-436B-850C-2A001A172EA8} = {6D55B137-0BF1-4CE6-9BD6-AA222986754F}
	EndGlobalSection
	GlobalSection(ExtensibilityGlobals) = postSolution
		SolutionGuid = {42404B9B-3F30-45CC-94D0-610138F6A3D0}
	EndGlobalSection
EndGlobal
